
Microsoft Visual Studio Solution File, Format Version 12.00
# Visual Studio Version 17
VisualStudioVersion = 17.11.35208.52
MinimumVisualStudioVersion = 10.0.40219.1
Project("{FAE04EC0-301F-11D3-BF4B-00C04F79EFBC}") = "Vispro.CrystalReport", "Vispro.CrystalReport\Vispro.CrystalReport.csproj", "{14DC1A1A-B507-4141-AC93-FA1E4581A3E8}"
EndProject
Global
	GlobalSection(SolutionConfigurationPlatforms) = preSolution
		Debug|Any CPU = Debug|Any CPU
		Release|Any CPU = Release|Any CPU
	EndGlobalSection
	GlobalSection(ProjectConfigurationPlatforms) = postSolution
		{14DC1A1A-B507-4141-AC93-FA1E4581A3E8}.Debug|Any CPU.ActiveCfg = Debug|Any CPU
		{14DC1A1A-B507-4141-AC93-FA1E4581A3E8}.Debug|Any CPU.Build.0 = Debug|Any CPU
		{14DC1A1A-B507-4141-AC93-FA1E4581A3E8}.Release|Any CPU.ActiveCfg = Release|Any CPU
		{14DC1A1A-B507-4141-AC93-FA1E4581A3E8}.Release|Any CPU.Build.0 = Release|Any CPU
	EndGlobalSection
	GlobalSection(SolutionProperties) = preSolution
		HideSolutionNode = FALSE
	EndGlobalSection
	GlobalSection(ExtensibilityGlobals) = postSolution
		SolutionGuid = {22DA3452-F0D5-40BC-A0C5-65FF9DB5F59B}
	EndGlobalSection
EndGlobal
